// !$*UTF8*$!
{
	archiveVersion = 1;
	classes = {
	};
	objectVersion = 51;
	objects = {

/* Begin PBXBuildFile section */
		0A01174D238DF01D0058AED6 /* AppDelegate.swift in Sources */ = {isa = PBXBuildFile; fileRef = 0A01174C238DF01D0058AED6 /* AppDelegate.swift */; };
		0A01174F238DF01D0058AED6 /* SceneDelegate.swift in Sources */ = {isa = PBXBuildFile; fileRef = 0A01174E238DF01D0058AED6 /* SceneDelegate.swift */; };
		0A011754238DF01D0058AED6 /* Main.storyboard in Resources */ = {isa = PBXBuildFile; fileRef = 0A011752238DF01D0058AED6 /* Main.storyboard */; };
		0A011756238DF0200058AED6 /* Assets.xcassets in Resources */ = {isa = PBXBuildFile; fileRef = 0A011755238DF0200058AED6 /* Assets.xcassets */; };
		0A011759238DF0200058AED6 /* LaunchScreen.storyboard in Resources */ = {isa = PBXBuildFile; fileRef = 0A011757238DF0200058AED6 /* LaunchScreen.storyboard */; };
		0A011764238DF0210058AED6 /* KnockkTests.swift in Sources */ = {isa = PBXBuildFile; fileRef = 0A011763238DF0210058AED6 /* KnockkTests.swift */; };
		0A01176F238DF0210058AED6 /* KnockkUITests.swift in Sources */ = {isa = PBXBuildFile; fileRef = 0A01176E238DF0210058AED6 /* KnockkUITests.swift */; };
		0A01177D238DF2300058AED6 /* GoogleService-Info.plist in Resources */ = {isa = PBXBuildFile; fileRef = 0A01177C238DF2300058AED6 /* GoogleService-Info.plist */; };
		0A01177F238DF76E0058AED6 /* RealmObjects.swift in Sources */ = {isa = PBXBuildFile; fileRef = 0A01177E238DF76E0058AED6 /* RealmObjects.swift */; };
		0A24F79B23C967C10001AC57 /* CalendarPageViewController.swift in Sources */ = {isa = PBXBuildFile; fileRef = 0A24F79A23C967C00001AC57 /* CalendarPageViewController.swift */; };
		0A24F79D23C96B0A0001AC57 /* DateCollectionViewCell.swift in Sources */ = {isa = PBXBuildFile; fileRef = 0A24F79C23C96B0A0001AC57 /* DateCollectionViewCell.swift */; };
		0A24F79F23CD3C6D0001AC57 /* Calendar.swift in Sources */ = {isa = PBXBuildFile; fileRef = 0A24F79E23CD3C6D0001AC57 /* Calendar.swift */; };
		0A24F7A323CD9ACF0001AC57 /* TimesheetViewController.swift in Sources */ = {isa = PBXBuildFile; fileRef = 0A24F7A023CD977F0001AC57 /* TimesheetViewController.swift */; };
		0A24F7A623CE65E80001AC57 /* Default-568h@2x.png in Resources */ = {isa = PBXBuildFile; fileRef = 0A24F7A523CE65E80001AC57 /* Default-568h@2x.png */; };
		0A24F7AB23CF9DE30001AC57 /* HomePageTableViewController.swift in Sources */ = {isa = PBXBuildFile; fileRef = 0A24F7AA23CF9DE20001AC57 /* HomePageTableViewController.swift */; };
		0A24F7AD23CFA2A70001AC57 /* DIPSTableViewCell.swift in Sources */ = {isa = PBXBuildFile; fileRef = 0A24F7AC23CFA2A70001AC57 /* DIPSTableViewCell.swift */; };
		0A24F7B023CFD9DA0001AC57 /* Ammo.swift in Sources */ = {isa = PBXBuildFile; fileRef = 0A24F7AF23CFD9DA0001AC57 /* Ammo.swift */; };
		0A24F7B223CFDA8A0001AC57 /* ObjectionsTableViewController.swift in Sources */ = {isa = PBXBuildFile; fileRef = 0A24F7B123CFDA8A0001AC57 /* ObjectionsTableViewController.swift */; };
		0A24F7B423D012690001AC57 /* PitchObjectionEditorViewController.swift in Sources */ = {isa = PBXBuildFile; fileRef = 0A24F7B323D012690001AC57 /* PitchObjectionEditorViewController.swift */; };
		0A24F7B623D24AFE0001AC57 /* LoginViewController.swift in Sources */ = {isa = PBXBuildFile; fileRef = 0A24F7B523D24AFE0001AC57 /* LoginViewController.swift */; };
		0AAEBF0C23DEB5A30043792E /* SettingsViewController.swift in Sources */ = {isa = PBXBuildFile; fileRef = 0AAEBF0B23DEB5A30043792E /* SettingsViewController.swift */; };
		0AAEBF0E23DEC08A0043792E /* MainNavigationController.swift in Sources */ = {isa = PBXBuildFile; fileRef = 0AAEBF0D23DEC08A0043792E /* MainNavigationController.swift */; };
		0AFAB9082401081D006B168C /* ChartsViewController.swift in Sources */ = {isa = PBXBuildFile; fileRef = 0AFAB9072401081D006B168C /* ChartsViewController.swift */; };
		0AFAB90A2401A212006B168C /* MacawChartView.swift in Sources */ = {isa = PBXBuildFile; fileRef = 0AFAB9092401A212006B168C /* MacawChartView.swift */; };
		0AFCE0CE23DFBB4000A65E27 /* RealmServices.swift in Sources */ = {isa = PBXBuildFile; fileRef = 0AFCE0CD23DFBB4000A65E27 /* RealmServices.swift */; };
		0AFCE0D023E0C16B00A65E27 /* SplashViewController.swift in Sources */ = {isa = PBXBuildFile; fileRef = 0AFCE0CF23E0C16B00A65E27 /* SplashViewController.swift */; };
		0AFCE0D223E0E29A00A65E27 /* DIPSController.swift in Sources */ = {isa = PBXBuildFile; fileRef = 0AFCE0D123E0E29900A65E27 /* DIPSController.swift */; };
		0AFCE0D723E0E3CE00A65E27 /* SelectedDateController.swift in Sources */ = {isa = PBXBuildFile; fileRef = 0AFCE0D623E0E3CE00A65E27 /* SelectedDateController.swift */; };
		0AFCE0D923E21E2900A65E27 /* TabBarViewController.swift in Sources */ = {isa = PBXBuildFile; fileRef = 0AFCE0D823E21E2900A65E27 /* TabBarViewController.swift */; };
		0AFCE0DB23E2B90900A65E27 /* Constants.swift in Sources */ = {isa = PBXBuildFile; fileRef = 0AFCE0DA23E2B90900A65E27 /* Constants.swift */; };
		C9E5BEA335662157A662C962 /* Pods_Knockk.framework in Frameworks */ = {isa = PBXBuildFile; fileRef = AA11204BE7963081A5F4DC77 /* Pods_Knockk.framework */; };
/* End PBXBuildFile section */

/* Begin PBXContainerItemProxy section */
		0A011760238DF0210058AED6 /* PBXContainerItemProxy */ = {
			isa = PBXContainerItemProxy;
			containerPortal = 0A011741238DF01C0058AED6 /* Project object */;
			proxyType = 1;
			remoteGlobalIDString = 0A011748238DF01D0058AED6;
			remoteInfo = Knockk;
		};
		0A01176B238DF0210058AED6 /* PBXContainerItemProxy */ = {
			isa = PBXContainerItemProxy;
			containerPortal = 0A011741238DF01C0058AED6 /* Project object */;
			proxyType = 1;
			remoteGlobalIDString = 0A011748238DF01D0058AED6;
			remoteInfo = Knockk;
		};
/* End PBXContainerItemProxy section */

/* Begin PBXFileReference section */
		0A011749238DF01D0058AED6 /* Knockk.app */ = {isa = PBXFileReference; explicitFileType = wrapper.application; includeInIndex = 0; path = Knockk.app; sourceTree = BUILT_PRODUCTS_DIR; };
		0A01174C238DF01D0058AED6 /* AppDelegate.swift */ = {isa = PBXFileReference; lastKnownFileType = sourcecode.swift; path = AppDelegate.swift; sourceTree = "<group>"; };
		0A01174E238DF01D0058AED6 /* SceneDelegate.swift */ = {isa = PBXFileReference; lastKnownFileType = sourcecode.swift; path = SceneDelegate.swift; sourceTree = "<group>"; };
		0A011753238DF01D0058AED6 /* Base */ = {isa = PBXFileReference; lastKnownFileType = file.storyboard; name = Base; path = Base.lproj/Main.storyboard; sourceTree = "<group>"; };
		0A011755238DF0200058AED6 /* Assets.xcassets */ = {isa = PBXFileReference; lastKnownFileType = folder.assetcatalog; path = Assets.xcassets; sourceTree = "<group>"; };
		0A011758238DF0200058AED6 /* Base */ = {isa = PBXFileReference; lastKnownFileType = file.storyboard; name = Base; path = Base.lproj/LaunchScreen.storyboard; sourceTree = "<group>"; };
		0A01175A238DF0200058AED6 /* Info.plist */ = {isa = PBXFileReference; lastKnownFileType = text.plist.xml; path = Info.plist; sourceTree = "<group>"; };
		0A01175F238DF0210058AED6 /* KnockkTests.xctest */ = {isa = PBXFileReference; explicitFileType = wrapper.cfbundle; includeInIndex = 0; path = KnockkTests.xctest; sourceTree = BUILT_PRODUCTS_DIR; };
		0A011763238DF0210058AED6 /* KnockkTests.swift */ = {isa = PBXFileReference; lastKnownFileType = sourcecode.swift; path = KnockkTests.swift; sourceTree = "<group>"; };
		0A011765238DF0210058AED6 /* Info.plist */ = {isa = PBXFileReference; lastKnownFileType = text.plist.xml; path = Info.plist; sourceTree = "<group>"; };
		0A01176A238DF0210058AED6 /* KnockkUITests.xctest */ = {isa = PBXFileReference; explicitFileType = wrapper.cfbundle; includeInIndex = 0; path = KnockkUITests.xctest; sourceTree = BUILT_PRODUCTS_DIR; };
		0A01176E238DF0210058AED6 /* KnockkUITests.swift */ = {isa = PBXFileReference; lastKnownFileType = sourcecode.swift; path = KnockkUITests.swift; sourceTree = "<group>"; };
		0A011770238DF0210058AED6 /* Info.plist */ = {isa = PBXFileReference; lastKnownFileType = text.plist.xml; path = Info.plist; sourceTree = "<group>"; };
		0A01177C238DF2300058AED6 /* GoogleService-Info.plist */ = {isa = PBXFileReference; fileEncoding = 4; lastKnownFileType = text.plist.xml; path = "GoogleService-Info.plist"; sourceTree = "<group>"; };
		0A01177E238DF76E0058AED6 /* RealmObjects.swift */ = {isa = PBXFileReference; lastKnownFileType = sourcecode.swift; path = RealmObjects.swift; sourceTree = "<group>"; };
		0A24F79A23C967C00001AC57 /* CalendarPageViewController.swift */ = {isa = PBXFileReference; lastKnownFileType = sourcecode.swift; path = CalendarPageViewController.swift; sourceTree = "<group>"; };
		0A24F79C23C96B0A0001AC57 /* DateCollectionViewCell.swift */ = {isa = PBXFileReference; lastKnownFileType = sourcecode.swift; path = DateCollectionViewCell.swift; sourceTree = "<group>"; };
		0A24F79E23CD3C6D0001AC57 /* Calendar.swift */ = {isa = PBXFileReference; lastKnownFileType = sourcecode.swift; path = Calendar.swift; sourceTree = "<group>"; };
		0A24F7A023CD977F0001AC57 /* TimesheetViewController.swift */ = {isa = PBXFileReference; lastKnownFileType = sourcecode.swift; path = TimesheetViewController.swift; sourceTree = "<group>"; };
		0A24F7A523CE65E80001AC57 /* Default-568h@2x.png */ = {isa = PBXFileReference; lastKnownFileType = image.png; path = "Default-568h@2x.png"; sourceTree = "<group>"; };
		0A24F7AA23CF9DE20001AC57 /* HomePageTableViewController.swift */ = {isa = PBXFileReference; lastKnownFileType = sourcecode.swift; path = HomePageTableViewController.swift; sourceTree = "<group>"; };
		0A24F7AC23CFA2A70001AC57 /* DIPSTableViewCell.swift */ = {isa = PBXFileReference; lastKnownFileType = sourcecode.swift; path = DIPSTableViewCell.swift; sourceTree = "<group>"; };
		0A24F7AF23CFD9DA0001AC57 /* Ammo.swift */ = {isa = PBXFileReference; lastKnownFileType = sourcecode.swift; path = Ammo.swift; sourceTree = "<group>"; };
		0A24F7B123CFDA8A0001AC57 /* ObjectionsTableViewController.swift */ = {isa = PBXFileReference; lastKnownFileType = sourcecode.swift; name = ObjectionsTableViewController.swift; path = "Knockk/Controllers/View Controllers/ObjectionsTableViewController.swift"; sourceTree = SOURCE_ROOT; };
		0A24F7B323D012690001AC57 /* PitchObjectionEditorViewController.swift */ = {isa = PBXFileReference; lastKnownFileType = sourcecode.swift; path = PitchObjectionEditorViewController.swift; sourceTree = "<group>"; };
		0A24F7B523D24AFE0001AC57 /* LoginViewController.swift */ = {isa = PBXFileReference; lastKnownFileType = sourcecode.swift; path = LoginViewController.swift; sourceTree = "<group>"; };
		0AAEBF0B23DEB5A30043792E /* SettingsViewController.swift */ = {isa = PBXFileReference; lastKnownFileType = sourcecode.swift; path = SettingsViewController.swift; sourceTree = "<group>"; };
		0AAEBF0D23DEC08A0043792E /* MainNavigationController.swift */ = {isa = PBXFileReference; lastKnownFileType = sourcecode.swift; path = MainNavigationController.swift; sourceTree = "<group>"; };
		0AFAB9072401081D006B168C /* ChartsViewController.swift */ = {isa = PBXFileReference; lastKnownFileType = sourcecode.swift; path = ChartsViewController.swift; sourceTree = "<group>"; };
		0AFAB9092401A212006B168C /* MacawChartView.swift */ = {isa = PBXFileReference; lastKnownFileType = sourcecode.swift; path = MacawChartView.swift; sourceTree = "<group>"; };
		0AFCE0CD23DFBB4000A65E27 /* RealmServices.swift */ = {isa = PBXFileReference; lastKnownFileType = sourcecode.swift; path = RealmServices.swift; sourceTree = "<group>"; };
		0AFCE0CF23E0C16B00A65E27 /* SplashViewController.swift */ = {isa = PBXFileReference; lastKnownFileType = sourcecode.swift; path = SplashViewController.swift; sourceTree = "<group>"; };
		0AFCE0D123E0E29900A65E27 /* DIPSController.swift */ = {isa = PBXFileReference; lastKnownFileType = sourcecode.swift; path = DIPSController.swift; sourceTree = "<group>"; };
		0AFCE0D623E0E3CE00A65E27 /* SelectedDateController.swift */ = {isa = PBXFileReference; lastKnownFileType = sourcecode.swift; path = SelectedDateController.swift; sourceTree = "<group>"; };
		0AFCE0D823E21E2900A65E27 /* TabBarViewController.swift */ = {isa = PBXFileReference; lastKnownFileType = sourcecode.swift; path = TabBarViewController.swift; sourceTree = "<group>"; };
		0AFCE0DA23E2B90900A65E27 /* Constants.swift */ = {isa = PBXFileReference; lastKnownFileType = sourcecode.swift; path = Constants.swift; sourceTree = "<group>"; };
		37248B99EFBDF05A679E9C5B /* Pods-Knockk.debug.xcconfig */ = {isa = PBXFileReference; includeInIndex = 1; lastKnownFileType = text.xcconfig; name = "Pods-Knockk.debug.xcconfig"; path = "Target Support Files/Pods-Knockk/Pods-Knockk.debug.xcconfig"; sourceTree = "<group>"; };
		7AB306C738F6FA0EE588EC77 /* Pods-Knockk.release.xcconfig */ = {isa = PBXFileReference; includeInIndex = 1; lastKnownFileType = text.xcconfig; name = "Pods-Knockk.release.xcconfig"; path = "Target Support Files/Pods-Knockk/Pods-Knockk.release.xcconfig"; sourceTree = "<group>"; };
		AA11204BE7963081A5F4DC77 /* Pods_Knockk.framework */ = {isa = PBXFileReference; explicitFileType = wrapper.framework; includeInIndex = 0; path = Pods_Knockk.framework; sourceTree = BUILT_PRODUCTS_DIR; };
/* End PBXFileReference section */

/* Begin PBXFrameworksBuildPhase section */
		0A011746238DF01D0058AED6 /* Frameworks */ = {
			isa = PBXFrameworksBuildPhase;
			buildActionMask = 2147483647;
			files = (
				C9E5BEA335662157A662C962 /* Pods_Knockk.framework in Frameworks */,
			);
			runOnlyForDeploymentPostprocessing = 0;
		};
		0A01175C238DF0210058AED6 /* Frameworks */ = {
			isa = PBXFrameworksBuildPhase;
			buildActionMask = 2147483647;
			files = (
			);
			runOnlyForDeploymentPostprocessing = 0;
		};
		0A011767238DF0210058AED6 /* Frameworks */ = {
			isa = PBXFrameworksBuildPhase;
			buildActionMask = 2147483647;
			files = (
			);
			runOnlyForDeploymentPostprocessing = 0;
		};
/* End PBXFrameworksBuildPhase section */

/* Begin PBXGroup section */
		0A011740238DF01C0058AED6 = {
			isa = PBXGroup;
			children = (
				0A24F7A523CE65E80001AC57 /* Default-568h@2x.png */,
				0A01174B238DF01D0058AED6 /* Knockk */,
				0A011762238DF0210058AED6 /* KnockkTests */,
				0A01176D238DF0210058AED6 /* KnockkUITests */,
				0A01174A238DF01D0058AED6 /* Products */,
				D63F65570F3B634A645DCBCD /* Pods */,
				2128C0EAFED04EC91167CEF3 /* Frameworks */,
			);
			sourceTree = "<group>";
		};
		0A01174A238DF01D0058AED6 /* Products */ = {
			isa = PBXGroup;
			children = (
				0A011749238DF01D0058AED6 /* Knockk.app */,
				0A01175F238DF0210058AED6 /* KnockkTests.xctest */,
				0A01176A238DF0210058AED6 /* KnockkUITests.xctest */,
			);
			name = Products;
			sourceTree = "<group>";
		};
		0A01174B238DF01D0058AED6 /* Knockk */ = {
			isa = PBXGroup;
			children = (
				0A24F7A923CE67250001AC57 /* Models */,
				0A24F7A823CE67140001AC57 /* Views */,
				0A24F7A223CD97970001AC57 /* Controllers */,
				0A24F7A723CE66F80001AC57 /* Storyboards */,
				0A24F7A423CE65880001AC57 /* Resources */,
			);
			path = Knockk;
			sourceTree = "<group>";
		};
		0A011762238DF0210058AED6 /* KnockkTests */ = {
			isa = PBXGroup;
			children = (
				0A011763238DF0210058AED6 /* KnockkTests.swift */,
				0A011765238DF0210058AED6 /* Info.plist */,
			);
			path = KnockkTests;
			sourceTree = "<group>";
		};
		0A01176D238DF0210058AED6 /* KnockkUITests */ = {
			isa = PBXGroup;
			children = (
				0A01176E238DF0210058AED6 /* KnockkUITests.swift */,
				0A011770238DF0210058AED6 /* Info.plist */,
			);
			path = KnockkUITests;
			sourceTree = "<group>";
		};
		0A24F7A223CD97970001AC57 /* Controllers */ = {
			isa = PBXGroup;
			children = (
				0A24F7AE23CFB6580001AC57 /* View Controllers */,
				0AFCE0D323E0E38D00A65E27 /* Model Controllers */,
			);
			path = Controllers;
			sourceTree = "<group>";
		};
		0A24F7A423CE65880001AC57 /* Resources */ = {
			isa = PBXGroup;
			children = (
				0A01174C238DF01D0058AED6 /* AppDelegate.swift */,
				0A011755238DF0200058AED6 /* Assets.xcassets */,
				0A01175A238DF0200058AED6 /* Info.plist */,
				0A01177C238DF2300058AED6 /* GoogleService-Info.plist */,
				0A01174E238DF01D0058AED6 /* SceneDelegate.swift */,
				0AFCE0DA23E2B90900A65E27 /* Constants.swift */,
				0AFAB9092401A212006B168C /* MacawChartView.swift */,
			);
			path = Resources;
			sourceTree = "<group>";
		};
		0A24F7A723CE66F80001AC57 /* Storyboards */ = {
			isa = PBXGroup;
			children = (
				0A011752238DF01D0058AED6 /* Main.storyboard */,
				0A011757238DF0200058AED6 /* LaunchScreen.storyboard */,
			);
			path = Storyboards;
			sourceTree = "<group>";
		};
		0A24F7A823CE67140001AC57 /* Views */ = {
			isa = PBXGroup;
			children = (
				0A24F79C23C96B0A0001AC57 /* DateCollectionViewCell.swift */,
				0A24F7AC23CFA2A70001AC57 /* DIPSTableViewCell.swift */,
				0AFCE0D823E21E2900A65E27 /* TabBarViewController.swift */,
			);
			path = Views;
			sourceTree = "<group>";
		};
		0A24F7A923CE67250001AC57 /* Models */ = {
			isa = PBXGroup;
			children = (
				0A01177E238DF76E0058AED6 /* RealmObjects.swift */,
				0A24F79E23CD3C6D0001AC57 /* Calendar.swift */,
				0A24F7AF23CFD9DA0001AC57 /* Ammo.swift */,
				0AFCE0CD23DFBB4000A65E27 /* RealmServices.swift */,
			);
			path = Models;
			sourceTree = "<group>";
		};
		0A24F7AE23CFB6580001AC57 /* View Controllers */ = {
			isa = PBXGroup;
			children = (
				0A24F79A23C967C00001AC57 /* CalendarPageViewController.swift */,
				0A24F7B323D012690001AC57 /* PitchObjectionEditorViewController.swift */,
				0A24F7A023CD977F0001AC57 /* TimesheetViewController.swift */,
				0A24F7AA23CF9DE20001AC57 /* HomePageTableViewController.swift */,
				0A24F7B523D24AFE0001AC57 /* LoginViewController.swift */,
				0A24F7B123CFDA8A0001AC57 /* ObjectionsTableViewController.swift */,
				0AAEBF0B23DEB5A30043792E /* SettingsViewController.swift */,
				0AAEBF0D23DEC08A0043792E /* MainNavigationController.swift */,
				0AFCE0CF23E0C16B00A65E27 /* SplashViewController.swift */,
				0AFAB9072401081D006B168C /* ChartsViewController.swift */,
			);
			path = "View Controllers";
			sourceTree = "<group>";
		};
		0AFCE0D323E0E38D00A65E27 /* Model Controllers */ = {
			isa = PBXGroup;
			children = (
				0AFCE0D123E0E29900A65E27 /* DIPSController.swift */,
				0AFCE0D623E0E3CE00A65E27 /* SelectedDateController.swift */,
			);
			path = "Model Controllers";
			sourceTree = "<group>";
		};
		2128C0EAFED04EC91167CEF3 /* Frameworks */ = {
			isa = PBXGroup;
			children = (
				AA11204BE7963081A5F4DC77 /* Pods_Knockk.framework */,
			);
			name = Frameworks;
			sourceTree = "<group>";
		};
		D63F65570F3B634A645DCBCD /* Pods */ = {
			isa = PBXGroup;
			children = (
				37248B99EFBDF05A679E9C5B /* Pods-Knockk.debug.xcconfig */,
				7AB306C738F6FA0EE588EC77 /* Pods-Knockk.release.xcconfig */,
			);
			path = Pods;
			sourceTree = "<group>";
		};
/* End PBXGroup section */

/* Begin PBXNativeTarget section */
		0A011748238DF01D0058AED6 /* Knockk */ = {
			isa = PBXNativeTarget;
			buildConfigurationList = 0A011773238DF0210058AED6 /* Build configuration list for PBXNativeTarget "Knockk" */;
			buildPhases = (
				87371548A6D9C0F0A20DAE77 /* [CP] Check Pods Manifest.lock */,
				0A011745238DF01D0058AED6 /* Sources */,
				0A011746238DF01D0058AED6 /* Frameworks */,
				0A011747238DF01D0058AED6 /* Resources */,
				6726B9F3FCF0CB5D81669BEB /* [CP] Embed Pods Frameworks */,
				0C0321054D86A5D76FB4F028 /* [CP] Copy Pods Resources */,
			);
			buildRules = (
			);
			dependencies = (
			);
			name = Knockk;
			productName = Knockk;
			productReference = 0A011749238DF01D0058AED6 /* Knockk.app */;
			productType = "com.apple.product-type.application";
		};
		0A01175E238DF0210058AED6 /* KnockkTests */ = {
			isa = PBXNativeTarget;
			buildConfigurationList = 0A011776238DF0210058AED6 /* Build configuration list for PBXNativeTarget "KnockkTests" */;
			buildPhases = (
				0A01175B238DF0210058AED6 /* Sources */,
				0A01175C238DF0210058AED6 /* Frameworks */,
				0A01175D238DF0210058AED6 /* Resources */,
			);
			buildRules = (
			);
			dependencies = (
				0A011761238DF0210058AED6 /* PBXTargetDependency */,
			);
			name = KnockkTests;
			productName = KnockkTests;
			productReference = 0A01175F238DF0210058AED6 /* KnockkTests.xctest */;
			productType = "com.apple.product-type.bundle.unit-test";
		};
		0A011769238DF0210058AED6 /* KnockkUITests */ = {
			isa = PBXNativeTarget;
			buildConfigurationList = 0A011779238DF0210058AED6 /* Build configuration list for PBXNativeTarget "KnockkUITests" */;
			buildPhases = (
				0A011766238DF0210058AED6 /* Sources */,
				0A011767238DF0210058AED6 /* Frameworks */,
				0A011768238DF0210058AED6 /* Resources */,
			);
			buildRules = (
			);
			dependencies = (
				0A01176C238DF0210058AED6 /* PBXTargetDependency */,
			);
			name = KnockkUITests;
			productName = KnockkUITests;
			productReference = 0A01176A238DF0210058AED6 /* KnockkUITests.xctest */;
			productType = "com.apple.product-type.bundle.ui-testing";
		};
/* End PBXNativeTarget section */

/* Begin PBXProject section */
		0A011741238DF01C0058AED6 /* Project object */ = {
			isa = PBXProject;
			attributes = {
				LastSwiftUpdateCheck = 1120;
				LastUpgradeCheck = 1120;
				ORGANIZATIONNAME = "Chris Grayston";
				TargetAttributes = {
					0A011748238DF01D0058AED6 = {
						CreatedOnToolsVersion = 11.2.1;
					};
					0A01175E238DF0210058AED6 = {
						CreatedOnToolsVersion = 11.2.1;
						TestTargetID = 0A011748238DF01D0058AED6;
					};
					0A011769238DF0210058AED6 = {
						CreatedOnToolsVersion = 11.2.1;
						TestTargetID = 0A011748238DF01D0058AED6;
					};
				};
			};
			buildConfigurationList = 0A011744238DF01C0058AED6 /* Build configuration list for PBXProject "Knockk" */;
			compatibilityVersion = "Xcode 9.3";
			developmentRegion = en;
			hasScannedForEncodings = 0;
			knownRegions = (
				en,
				Base,
			);
			mainGroup = 0A011740238DF01C0058AED6;
			productRefGroup = 0A01174A238DF01D0058AED6 /* Products */;
			projectDirPath = "";
			projectRoot = "";
			targets = (
				0A011748238DF01D0058AED6 /* Knockk */,
				0A01175E238DF0210058AED6 /* KnockkTests */,
				0A011769238DF0210058AED6 /* KnockkUITests */,
			);
		};
/* End PBXProject section */

/* Begin PBXResourcesBuildPhase section */
		0A011747238DF01D0058AED6 /* Resources */ = {
			isa = PBXResourcesBuildPhase;
			buildActionMask = 2147483647;
			files = (
				0A011759238DF0200058AED6 /* LaunchScreen.storyboard in Resources */,
				0A01177D238DF2300058AED6 /* GoogleService-Info.plist in Resources */,
				0A011756238DF0200058AED6 /* Assets.xcassets in Resources */,
				0A24F7A623CE65E80001AC57 /* Default-568h@2x.png in Resources */,
				0A011754238DF01D0058AED6 /* Main.storyboard in Resources */,
			);
			runOnlyForDeploymentPostprocessing = 0;
		};
		0A01175D238DF0210058AED6 /* Resources */ = {
			isa = PBXResourcesBuildPhase;
			buildActionMask = 2147483647;
			files = (
			);
			runOnlyForDeploymentPostprocessing = 0;
		};
		0A011768238DF0210058AED6 /* Resources */ = {
			isa = PBXResourcesBuildPhase;
			buildActionMask = 2147483647;
			files = (
			);
			runOnlyForDeploymentPostprocessing = 0;
		};
/* End PBXResourcesBuildPhase section */

/* Begin PBXShellScriptBuildPhase section */
		0C0321054D86A5D76FB4F028 /* [CP] Copy Pods Resources */ = {
			isa = PBXShellScriptBuildPhase;
			buildActionMask = 2147483647;
			files = (
			);
			inputFileListPaths = (
				"${PODS_ROOT}/Target Support Files/Pods-Knockk/Pods-Knockk-resources-${CONFIGURATION}-input-files.xcfilelist",
			);
			name = "[CP] Copy Pods Resources";
			outputFileListPaths = (
				"${PODS_ROOT}/Target Support Files/Pods-Knockk/Pods-Knockk-resources-${CONFIGURATION}-output-files.xcfilelist",
			);
			runOnlyForDeploymentPostprocessing = 0;
			shellPath = /bin/sh;
			shellScript = "\"${PODS_ROOT}/Target Support Files/Pods-Knockk/Pods-Knockk-resources.sh\"\n";
			showEnvVarsInLog = 0;
		};
		6726B9F3FCF0CB5D81669BEB /* [CP] Embed Pods Frameworks */ = {
			isa = PBXShellScriptBuildPhase;
			buildActionMask = 2147483647;
			files = (
			);
			inputFileListPaths = (
				"${PODS_ROOT}/Target Support Files/Pods-Knockk/Pods-Knockk-frameworks-${CONFIGURATION}-input-files.xcfilelist",
			);
			name = "[CP] Embed Pods Frameworks";
			outputFileListPaths = (
				"${PODS_ROOT}/Target Support Files/Pods-Knockk/Pods-Knockk-frameworks-${CONFIGURATION}-output-files.xcfilelist",
			);
			runOnlyForDeploymentPostprocessing = 0;
			shellPath = /bin/sh;
			shellScript = "\"${PODS_ROOT}/Target Support Files/Pods-Knockk/Pods-Knockk-frameworks.sh\"\n";
			showEnvVarsInLog = 0;
		};
		87371548A6D9C0F0A20DAE77 /* [CP] Check Pods Manifest.lock */ = {
			isa = PBXShellScriptBuildPhase;
			buildActionMask = 2147483647;
			files = (
			);
			inputFileListPaths = (
			);
			inputPaths = (
				"${PODS_PODFILE_DIR_PATH}/Podfile.lock",
				"${PODS_ROOT}/Manifest.lock",
			);
			name = "[CP] Check Pods Manifest.lock";
			outputFileListPaths = (
			);
			outputPaths = (
				"$(DERIVED_FILE_DIR)/Pods-Knockk-checkManifestLockResult.txt",
			);
			runOnlyForDeploymentPostprocessing = 0;
			shellPath = /bin/sh;
			shellScript = "diff \"${PODS_PODFILE_DIR_PATH}/Podfile.lock\" \"${PODS_ROOT}/Manifest.lock\" > /dev/null\nif [ $? != 0 ] ; then\n    # print error to STDERR\n    echo \"error: The sandbox is not in sync with the Podfile.lock. Run 'pod install' or update your CocoaPods installation.\" >&2\n    exit 1\nfi\n# This output is used by Xcode 'outputs' to avoid re-running this script phase.\necho \"SUCCESS\" > \"${SCRIPT_OUTPUT_FILE_0}\"\n";
			showEnvVarsInLog = 0;
		};
/* End PBXShellScriptBuildPhase section */

/* Begin PBXSourcesBuildPhase section */
		0A011745238DF01D0058AED6 /* Sources */ = {
			isa = PBXSourcesBuildPhase;
			buildActionMask = 2147483647;
			files = (
				0A24F7B623D24AFE0001AC57 /* LoginViewController.swift in Sources */,
				0AFAB9082401081D006B168C /* ChartsViewController.swift in Sources */,
				0A01177F238DF76E0058AED6 /* RealmObjects.swift in Sources */,
				0A24F79B23C967C10001AC57 /* CalendarPageViewController.swift in Sources */,
				0A01174D238DF01D0058AED6 /* AppDelegate.swift in Sources */,
				0AFCE0D923E21E2900A65E27 /* TabBarViewController.swift in Sources */,
				0A24F79D23C96B0A0001AC57 /* DateCollectionViewCell.swift in Sources */,
				0A24F7B223CFDA8A0001AC57 /* ObjectionsTableViewController.swift in Sources */,
				0A24F7B423D012690001AC57 /* PitchObjectionEditorViewController.swift in Sources */,
				0AAEBF0E23DEC08A0043792E /* MainNavigationController.swift in Sources */,
				0A24F7AD23CFA2A70001AC57 /* DIPSTableViewCell.swift in Sources */,
				0A24F7B023CFD9DA0001AC57 /* Ammo.swift in Sources */,
				0AFCE0DB23E2B90900A65E27 /* Constants.swift in Sources */,
				0AFCE0D723E0E3CE00A65E27 /* SelectedDateController.swift in Sources */,
				0AFCE0CE23DFBB4000A65E27 /* RealmServices.swift in Sources */,
				0A01174F238DF01D0058AED6 /* SceneDelegate.swift in Sources */,
				0AFCE0D223E0E29A00A65E27 /* DIPSController.swift in Sources */,
				0A24F79F23CD3C6D0001AC57 /* Calendar.swift in Sources */,
				0AFCE0D023E0C16B00A65E27 /* SplashViewController.swift in Sources */,
				0A24F7A323CD9ACF0001AC57 /* TimesheetViewController.swift in Sources */,
				0AFAB90A2401A212006B168C /* MacawChartView.swift in Sources */,
				0A24F7AB23CF9DE30001AC57 /* HomePageTableViewController.swift in Sources */,
				0AAEBF0C23DEB5A30043792E /* SettingsViewController.swift in Sources */,
			);
			runOnlyForDeploymentPostprocessing = 0;
		};
		0A01175B238DF0210058AED6 /* Sources */ = {
			isa = PBXSourcesBuildPhase;
			buildActionMask = 2147483647;
			files = (
				0A011764238DF0210058AED6 /* KnockkTests.swift in Sources */,
			);
			runOnlyForDeploymentPostprocessing = 0;
		};
		0A011766238DF0210058AED6 /* Sources */ = {
			isa = PBXSourcesBuildPhase;
			buildActionMask = 2147483647;
			files = (
				0A01176F238DF0210058AED6 /* KnockkUITests.swift in Sources */,
			);
			runOnlyForDeploymentPostprocessing = 0;
		};
/* End PBXSourcesBuildPhase section */

/* Begin PBXTargetDependency section */
		0A011761238DF0210058AED6 /* PBXTargetDependency */ = {
			isa = PBXTargetDependency;
			target = 0A011748238DF01D0058AED6 /* Knockk */;
			targetProxy = 0A011760238DF0210058AED6 /* PBXContainerItemProxy */;
		};
		0A01176C238DF0210058AED6 /* PBXTargetDependency */ = {
			isa = PBXTargetDependency;
			target = 0A011748238DF01D0058AED6 /* Knockk */;
			targetProxy = 0A01176B238DF0210058AED6 /* PBXContainerItemProxy */;
		};
/* End PBXTargetDependency section */

/* Begin PBXVariantGroup section */
		0A011752238DF01D0058AED6 /* Main.storyboard */ = {
			isa = PBXVariantGroup;
			children = (
				0A011753238DF01D0058AED6 /* Base */,
			);
			name = Main.storyboard;
			sourceTree = "<group>";
		};
		0A011757238DF0200058AED6 /* LaunchScreen.storyboard */ = {
			isa = PBXVariantGroup;
			children = (
				0A011758238DF0200058AED6 /* Base */,
			);
			name = LaunchScreen.storyboard;
			sourceTree = "<group>";
		};
/* End PBXVariantGroup section */

/* Begin XCBuildConfiguration section */
		0A011771238DF0210058AED6 /* Debug */ = {
			isa = XCBuildConfiguration;
			buildSettings = {
				ALWAYS_SEARCH_USER_PATHS = NO;
				CLANG_ANALYZER_NONNULL = YES;
				CLANG_ANALYZER_NUMBER_OBJECT_CONVERSION = YES_AGGRESSIVE;
				CLANG_CXX_LANGUAGE_STANDARD = "gnu++14";
				CLANG_CXX_LIBRARY = "libc++";
				CLANG_ENABLE_MODULES = YES;
				CLANG_ENABLE_OBJC_ARC = YES;
				CLANG_ENABLE_OBJC_WEAK = YES;
				CLANG_WARN_BLOCK_CAPTURE_AUTORELEASING = YES;
				CLANG_WARN_BOOL_CONVERSION = YES;
				CLANG_WARN_COMMA = YES;
				CLANG_WARN_CONSTANT_CONVERSION = YES;
				CLANG_WARN_DEPRECATED_OBJC_IMPLEMENTATIONS = YES;
				CLANG_WARN_DIRECT_OBJC_ISA_USAGE = YES_ERROR;
				CLANG_WARN_DOCUMENTATION_COMMENTS = YES;
				CLANG_WARN_EMPTY_BODY = YES;
				CLANG_WARN_ENUM_CONVERSION = YES;
				CLANG_WARN_INFINITE_RECURSION = YES;
				CLANG_WARN_INT_CONVERSION = YES;
				CLANG_WARN_NON_LITERAL_NULL_CONVERSION = YES;
				CLANG_WARN_OBJC_IMPLICIT_RETAIN_SELF = YES;
				CLANG_WARN_OBJC_LITERAL_CONVERSION = YES;
				CLANG_WARN_OBJC_ROOT_CLASS = YES_ERROR;
				CLANG_WARN_RANGE_LOOP_ANALYSIS = YES;
				CLANG_WARN_STRICT_PROTOTYPES = YES;
				CLANG_WARN_SUSPICIOUS_MOVE = YES;
				CLANG_WARN_UNGUARDED_AVAILABILITY = YES_AGGRESSIVE;
				CLANG_WARN_UNREACHABLE_CODE = YES;
				CLANG_WARN__DUPLICATE_METHOD_MATCH = YES;
				COPY_PHASE_STRIP = NO;
				DEBUG_INFORMATION_FORMAT = dwarf;
				ENABLE_STRICT_OBJC_MSGSEND = YES;
				ENABLE_TESTABILITY = YES;
				GCC_C_LANGUAGE_STANDARD = gnu11;
				GCC_DYNAMIC_NO_PIC = NO;
				GCC_NO_COMMON_BLOCKS = YES;
				GCC_OPTIMIZATION_LEVEL = 0;
				GCC_PREPROCESSOR_DEFINITIONS = (
					"DEBUG=1",
					"$(inherited)",
				);
				GCC_WARN_64_TO_32_BIT_CONVERSION = YES;
				GCC_WARN_ABOUT_RETURN_TYPE = YES_ERROR;
				GCC_WARN_UNDECLARED_SELECTOR = YES;
				GCC_WARN_UNINITIALIZED_AUTOS = YES_AGGRESSIVE;
				GCC_WARN_UNUSED_FUNCTION = YES;
				GCC_WARN_UNUSED_VARIABLE = YES;
				IPHONEOS_DEPLOYMENT_TARGET = 13.0;
				MTL_ENABLE_DEBUG_INFO = INCLUDE_SOURCE;
				MTL_FAST_MATH = YES;
				ONLY_ACTIVE_ARCH = YES;
				SDKROOT = iphoneos;
				SWIFT_ACTIVE_COMPILATION_CONDITIONS = DEBUG;
				SWIFT_OPTIMIZATION_LEVEL = "-Onone";
			};
			name = Debug;
		};
		0A011772238DF0210058AED6 /* Release */ = {
			isa = XCBuildConfiguration;
			buildSettings = {
				ALWAYS_SEARCH_USER_PATHS = NO;
				CLANG_ANALYZER_NONNULL = YES;
				CLANG_ANALYZER_NUMBER_OBJECT_CONVERSION = YES_AGGRESSIVE;
				CLANG_CXX_LANGUAGE_STANDARD = "gnu++14";
				CLANG_CXX_LIBRARY = "libc++";
				CLANG_ENABLE_MODULES = YES;
				CLANG_ENABLE_OBJC_ARC = YES;
				CLANG_ENABLE_OBJC_WEAK = YES;
				CLANG_WARN_BLOCK_CAPTURE_AUTORELEASING = YES;
				CLANG_WARN_BOOL_CONVERSION = YES;
				CLANG_WARN_COMMA = YES;
				CLANG_WARN_CONSTANT_CONVERSION = YES;
				CLANG_WARN_DEPRECATED_OBJC_IMPLEMENTATIONS = YES;
				CLANG_WARN_DIRECT_OBJC_ISA_USAGE = YES_ERROR;
				CLANG_WARN_DOCUMENTATION_COMMENTS = YES;
				CLANG_WARN_EMPTY_BODY = YES;
				CLANG_WARN_ENUM_CONVERSION = YES;
				CLANG_WARN_INFINITE_RECURSION = YES;
				CLANG_WARN_INT_CONVERSION = YES;
				CLANG_WARN_NON_LITERAL_NULL_CONVERSION = YES;
				CLANG_WARN_OBJC_IMPLICIT_RETAIN_SELF = YES;
				CLANG_WARN_OBJC_LITERAL_CONVERSION = YES;
				CLANG_WARN_OBJC_ROOT_CLASS = YES_ERROR;
				CLANG_WARN_RANGE_LOOP_ANALYSIS = YES;
				CLANG_WARN_STRICT_PROTOTYPES = YES;
				CLANG_WARN_SUSPICIOUS_MOVE = YES;
				CLANG_WARN_UNGUARDED_AVAILABILITY = YES_AGGRESSIVE;
				CLANG_WARN_UNREACHABLE_CODE = YES;
				CLANG_WARN__DUPLICATE_METHOD_MATCH = YES;
				COPY_PHASE_STRIP = NO;
				DEBUG_INFORMATION_FORMAT = "dwarf-with-dsym";
				ENABLE_NS_ASSERTIONS = NO;
				ENABLE_STRICT_OBJC_MSGSEND = YES;
				GCC_C_LANGUAGE_STANDARD = gnu11;
				GCC_NO_COMMON_BLOCKS = YES;
				GCC_WARN_64_TO_32_BIT_CONVERSION = YES;
				GCC_WARN_ABOUT_RETURN_TYPE = YES_ERROR;
				GCC_WARN_UNDECLARED_SELECTOR = YES;
				GCC_WARN_UNINITIALIZED_AUTOS = YES_AGGRESSIVE;
				GCC_WARN_UNUSED_FUNCTION = YES;
				GCC_WARN_UNUSED_VARIABLE = YES;
				IPHONEOS_DEPLOYMENT_TARGET = 13.0;
				MTL_ENABLE_DEBUG_INFO = NO;
				MTL_FAST_MATH = YES;
				SDKROOT = iphoneos;
				SWIFT_COMPILATION_MODE = wholemodule;
				SWIFT_OPTIMIZATION_LEVEL = "-O";
				VALIDATE_PRODUCT = YES;
			};
			name = Release;
		};
		0A011774238DF0210058AED6 /* Debug */ = {
			isa = XCBuildConfiguration;
			baseConfigurationReference = 37248B99EFBDF05A679E9C5B /* Pods-Knockk.debug.xcconfig */;
			buildSettings = {
				ASSETCATALOG_COMPILER_APPICON_NAME = AppIcon;
				CODE_SIGN_STYLE = Automatic;
				DEVELOPMENT_TEAM = 2P8CC25627;
				INFOPLIST_FILE = Knockk/Resources/Info.plist;
				LD_RUNPATH_SEARCH_PATHS = (
					"$(inherited)",
					"@executable_path/Frameworks",
				);
				PRODUCT_BUNDLE_IDENTIFIER = com.ChrisGrayston.Knockk;
				PRODUCT_NAME = "$(TARGET_NAME)";
				SWIFT_VERSION = 5.0;
				TARGETED_DEVICE_FAMILY = "1,2";
			};
			name = Debug;
		};
		0A011775238DF0210058AED6 /* Release */ = {
			isa = XCBuildConfiguration;
			baseConfigurationReference = 7AB306C738F6FA0EE588EC77 /* Pods-Knockk.release.xcconfig */;
			buildSettings = {
				ASSETCATALOG_COMPILER_APPICON_NAME = AppIcon;
				CODE_SIGN_STYLE = Automatic;
				DEVELOPMENT_TEAM = 2P8CC25627;
				INFOPLIST_FILE = Knockk/Resources/Info.plist;
				LD_RUNPATH_SEARCH_PATHS = (
					"$(inherited)",
					"@executable_path/Frameworks",
				);
				PRODUCT_BUNDLE_IDENTIFIER = com.ChrisGrayston.Knockk;
				PRODUCT_NAME = "$(TARGET_NAME)";
				SWIFT_VERSION = 5.0;
				TARGETED_DEVICE_FAMILY = "1,2";
			};
			name = Release;
		};
		0A011777238DF0210058AED6 /* Debug */ = {
			isa = XCBuildConfiguration;
			buildSettings = {
				ALWAYS_EMBED_SWIFT_STANDARD_LIBRARIES = YES;
				BUNDLE_LOADER = "$(TEST_HOST)";
				CODE_SIGN_STYLE = Automatic;
				DEVELOPMENT_TEAM = 2P8CC25627;
				INFOPLIST_FILE = KnockkTests/Info.plist;
				IPHONEOS_DEPLOYMENT_TARGET = 13.2;
				LD_RUNPATH_SEARCH_PATHS = (
					"$(inherited)",
					"@executable_path/Frameworks",
					"@loader_path/Frameworks",
				);
				PRODUCT_BUNDLE_IDENTIFIER = com.ChrisGrayston.KnockkTests;
				PRODUCT_NAME = "$(TARGET_NAME)";
				SWIFT_VERSION = 5.0;
				TARGETED_DEVICE_FAMILY = "1,2";
				TEST_HOST = "$(BUILT_PRODUCTS_DIR)/Knockk.app/Knockk";
			};
			name = Debug;
		};
		0A011778238DF0210058AED6 /* Release */ = {
			isa = XCBuildConfiguration;
			buildSettings = {
				ALWAYS_EMBED_SWIFT_STANDARD_LIBRARIES = YES;
				BUNDLE_LOADER = "$(TEST_HOST)";
				CODE_SIGN_STYLE = Automatic;
				DEVELOPMENT_TEAM = 2P8CC25627;
				INFOPLIST_FILE = KnockkTests/Info.plist;
				IPHONEOS_DEPLOYMENT_TARGET = 13.2;
				LD_RUNPATH_SEARCH_PATHS = (
					"$(inherited)",
					"@executable_path/Frameworks",
					"@loader_path/Frameworks",
				);
				PRODUCT_BUNDLE_IDENTIFIER = com.ChrisGrayston.KnockkTests;
				PRODUCT_NAME = "$(TARGET_NAME)";
				SWIFT_VERSION = 5.0;
				TARGETED_DEVICE_FAMILY = "1,2";
				TEST_HOST = "$(BUILT_PRODUCTS_DIR)/Knockk.app/Knockk";
			};
			name = Release;
		};
		0A01177A238DF0210058AED6 /* Debug */ = {
			isa = XCBuildConfiguration;
			buildSettings = {
				ALWAYS_EMBED_SWIFT_STANDARD_LIBRARIES = YES;
				CODE_SIGN_STYLE = Automatic;
				DEVELOPMENT_TEAM = 2P8CC25627;
				INFOPLIST_FILE = KnockkUITests/Info.plist;
				LD_RUNPATH_SEARCH_PATHS = (
					"$(inherited)",
					"@executable_path/Frameworks",
					"@loader_path/Frameworks",
				);
				PRODUCT_BUNDLE_IDENTIFIER = com.ChrisGrayston.KnockkUITests;
				PRODUCT_NAME = "$(TARGET_NAME)";
				SWIFT_VERSION = 5.0;
				TARGETED_DEVICE_FAMILY = "1,2";
				TEST_TARGET_NAME = Knockk;
			};
			name = Debug;
		};
		0A01177B238DF0210058AED6 /* Release */ = {
			isa = XCBuildConfiguration;
			buildSettings = {
				ALWAYS_EMBED_SWIFT_STANDARD_LIBRARIES = YES;
				CODE_SIGN_STYLE = Automatic;
				DEVELOPMENT_TEAM = 2P8CC25627;
				INFOPLIST_FILE = KnockkUITests/Info.plist;
				LD_RUNPATH_SEARCH_PATHS = (
					"$(inherited)",
					"@executable_path/Frameworks",
					"@loader_path/Frameworks",
				);
				PRODUCT_BUNDLE_IDENTIFIER = com.ChrisGrayston.KnockkUITests;
				PRODUCT_NAME = "$(TARGET_NAME)";
				SWIFT_VERSION = 5.0;
				TARGETED_DEVICE_FAMILY = "1,2";
				TEST_TARGET_NAME = Knockk;
			};
			name = Release;
		};
/* End XCBuildConfiguration section */

/* Begin XCConfigurationList section */
		0A011744238DF01C0058AED6 /* Build configuration list for PBXProject "Knockk" */ = {
			isa = XCConfigurationList;
			buildConfigurations = (
				0A011771238DF0210058AED6 /* Debug */,
				0A011772238DF0210058AED6 /* Release */,
			);
			defaultConfigurationIsVisible = 0;
			defaultConfigurationName = Release;
		};
		0A011773238DF0210058AED6 /* Build configuration list for PBXNativeTarget "Knockk" */ = {
			isa = XCConfigurationList;
			buildConfigurations = (
				0A011774238DF0210058AED6 /* Debug */,
				0A011775238DF0210058AED6 /* Release */,
			);
			defaultConfigurationIsVisible = 0;
			defaultConfigurationName = Release;
		};
		0A011776238DF0210058AED6 /* Build configuration list for PBXNativeTarget "KnockkTests" */ = {
			isa = XCConfigurationList;
			buildConfigurations = (
				0A011777238DF0210058AED6 /* Debug */,
				0A011778238DF0210058AED6 /* Release */,
			);
			defaultConfigurationIsVisible = 0;
			defaultConfigurationName = Release;
		};
		0A011779238DF0210058AED6 /* Build configuration list for PBXNativeTarget "KnockkUITests" */ = {
			isa = XCConfigurationList;
			buildConfigurations = (
				0A01177A238DF0210058AED6 /* Debug */,
				0A01177B238DF0210058AED6 /* Release */,
			);
			defaultConfigurationIsVisible = 0;
			defaultConfigurationName = Release;
		};
/* End XCConfigurationList section */
	};
	rootObject = 0A011741238DF01C0058AED6 /* Project object */;
}
